{
  "name": "widgets",
  "lockfileVersion": 2,
  "requires": true,
  "packages": {
    "": {
      "dependencies": {
        "wrapped-localstorage": "^1.0.46"
      }
    },
    "node_modules/wrapped-localstorage": {
      "version": "1.0.46",
      "resolved": "https://registry.npmjs.org/wrapped-localstorage/-/wrapped-localstorage-1.0.46.tgz",
      "integrity": "sha512-GWvgPrCWg9ZkwGaq5gtODmQYEXkOIsnYZ2GnLiNAckvcRe/x0GGaZwBvNs2tP0Q+/0tcovD4iqKeDQ2OPNh55w=="
    }
  },
  "dependencies": {
    "wrapped-localstorage": {
      "version": "1.0.46",
      "resolved": "https://registry.npmjs.org/wrapped-localstorage/-/wrapped-localstorage-1.0.46.tgz",
      "integrity": "sha512-GWvgPrCWg9ZkwGaq5gtODmQYEXkOIsnYZ2GnLiNAckvcRe/x0GGaZwBvNs2tP0Q+/0tcovD4iqKeDQ2OPNh55w=="
    }
  }
}
